// !$*UTF8*$!
{
	archiveVersion = 1;
	classes = {
	};
	objectVersion = 55;
	objects = {

/* Begin PBXBuildFile section */
		5C0B7CF328A155F900C05AD8 /* LumiApp.swift in Sources */ = {isa = PBXBuildFile; fileRef = 5C0B7CF228A155F900C05AD8 /* LumiApp.swift */; };
		5C0B7CF528A155F900C05AD8 /* ContentView.swift in Sources */ = {isa = PBXBuildFile; fileRef = 5C0B7CF428A155F900C05AD8 /* ContentView.swift */; };
		5C0B7CF728A155FB00C05AD8 /* Assets.xcassets in Resources */ = {isa = PBXBuildFile; fileRef = 5C0B7CF628A155FB00C05AD8 /* Assets.xcassets */; };
		5C0B7CFA28A155FB00C05AD8 /* Preview Assets.xcassets in Resources */ = {isa = PBXBuildFile; fileRef = 5C0B7CF928A155FB00C05AD8 /* Preview Assets.xcassets */; };
		5C0B7D0228A178BC00C05AD8 /* missions.json in Resources */ = {isa = PBXBuildFile; fileRef = 5C0B7D0028A178BC00C05AD8 /* missions.json */; };
		5C0B7D0328A178BC00C05AD8 /* astronauts.json in Resources */ = {isa = PBXBuildFile; fileRef = 5C0B7D0128A178BC00C05AD8 /* astronauts.json */; };
		5C0B7D0528A1799E00C05AD8 /* Astronaut.swift in Sources */ = {isa = PBXBuildFile; fileRef = 5C0B7D0428A1799E00C05AD8 /* Astronaut.swift */; };
		5C0B7D0728A17A2300C05AD8 /* Bundle-Decodable.swift in Sources */ = {isa = PBXBuildFile; fileRef = 5C0B7D0628A17A2300C05AD8 /* Bundle-Decodable.swift */; };
		5C0B7D0928A180FF00C05AD8 /* Mission.swift in Sources */ = {isa = PBXBuildFile; fileRef = 5C0B7D0828A180FE00C05AD8 /* Mission.swift */; };
		5C62FF4928A3F1DE00D1F055 /* MissionView.swift in Sources */ = {isa = PBXBuildFile; fileRef = 5C62FF4828A3F1DE00D1F055 /* MissionView.swift */; };
		5C62FF4D28A416AF00D1F055 /* AstroDetailView.swift in Sources */ = {isa = PBXBuildFile; fileRef = 5C62FF4C28A416AF00D1F055 /* AstroDetailView.swift */; };
		5CDBD66D28A4214A0025FEFF /* Color-Theme.swift in Sources */ = {isa = PBXBuildFile; fileRef = 5CDBD66C28A4214A0025FEFF /* Color-Theme.swift */; };
/* End PBXBuildFile section */

/* Begin PBXFileReference section */
		5C0B7CEF28A155F900C05AD8 /* Lumi.app */ = {isa = PBXFileReference; explicitFileType = wrapper.application; includeInIndex = 0; path = Lumi.app; sourceTree = BUILT_PRODUCTS_DIR; };
		5C0B7CF228A155F900C05AD8 /* LumiApp.swift */ = {isa = PBXFileReference; lastKnownFileType = sourcecode.swift; path = LumiApp.swift; sourceTree = "<group>"; };
		5C0B7CF428A155F900C05AD8 /* ContentView.swift */ = {isa = PBXFileReference; lastKnownFileType = sourcecode.swift; path = ContentView.swift; sourceTree = "<group>"; };
		5C0B7CF628A155FB00C05AD8 /* Assets.xcassets */ = {isa = PBXFileReference; lastKnownFileType = folder.assetcatalog; path = Assets.xcassets; sourceTree = "<group>"; };
		5C0B7CF928A155FB00C05AD8 /* Preview Assets.xcassets */ = {isa = PBXFileReference; lastKnownFileType = folder.assetcatalog; path = "Preview Assets.xcassets"; sourceTree = "<group>"; };
		5C0B7D0028A178BC00C05AD8 /* missions.json */ = {isa = PBXFileReference; fileEncoding = 4; lastKnownFileType = text.json; path = missions.json; sourceTree = "<group>"; };
		5C0B7D0128A178BC00C05AD8 /* astronauts.json */ = {isa = PBXFileReference; fileEncoding = 4; lastKnownFileType = text.json; path = astronauts.json; sourceTree = "<group>"; };
		5C0B7D0428A1799E00C05AD8 /* Astronaut.swift */ = {isa = PBXFileReference; lastKnownFileType = sourcecode.swift; path = Astronaut.swift; sourceTree = "<group>"; };
		5C0B7D0628A17A2300C05AD8 /* Bundle-Decodable.swift */ = {isa = PBXFileReference; lastKnownFileType = sourcecode.swift; path = "Bundle-Decodable.swift"; sourceTree = "<group>"; };
		5C0B7D0828A180FE00C05AD8 /* Mission.swift */ = {isa = PBXFileReference; lastKnownFileType = sourcecode.swift; path = Mission.swift; sourceTree = "<group>"; };
		5C62FF4828A3F1DE00D1F055 /* MissionView.swift */ = {isa = PBXFileReference; lastKnownFileType = sourcecode.swift; path = MissionView.swift; sourceTree = "<group>"; };
		5C62FF4C28A416AF00D1F055 /* AstroDetailView.swift */ = {isa = PBXFileReference; lastKnownFileType = sourcecode.swift; path = AstroDetailView.swift; sourceTree = "<group>"; };
		5CDBD66C28A4214A0025FEFF /* Color-Theme.swift */ = {isa = PBXFileReference; lastKnownFileType = sourcecode.swift; path = "Color-Theme.swift"; sourceTree = "<group>"; };
		5CE2B73728A2DC8A00F05B3E /* Info.plist */ = {isa = PBXFileReference; lastKnownFileType = text.plist; path = Info.plist; sourceTree = "<group>"; };
/* End PBXFileReference section */

/* Begin PBXFrameworksBuildPhase section */
		5C0B7CEC28A155F900C05AD8 /* Frameworks */ = {
			isa = PBXFrameworksBuildPhase;
			buildActionMask = 2147483647;
			files = (
			);
			runOnlyForDeploymentPostprocessing = 0;
		};
/* End PBXFrameworksBuildPhase section */

/* Begin PBXGroup section */
		5C0B7CE628A155F900C05AD8 = {
			isa = PBXGroup;
			children = (
				5C0B7CF128A155F900C05AD8 /* Lumi */,
				5C0B7CF028A155F900C05AD8 /* Products */,
			);
			sourceTree = "<group>";
		};
		5C0B7CF028A155F900C05AD8 /* Products */ = {
			isa = PBXGroup;
			children = (
				5C0B7CEF28A155F900C05AD8 /* Lumi.app */,
			);
			name = Products;
			sourceTree = "<group>";
		};
		5C0B7CF128A155F900C05AD8 /* Lumi */ = {
			isa = PBXGroup;
			children = (
				5CE2B73728A2DC8A00F05B3E /* Info.plist */,
				5C0B7CF228A155F900C05AD8 /* LumiApp.swift */,
				5C0B7CF428A155F900C05AD8 /* ContentView.swift */,
				5C62FF4828A3F1DE00D1F055 /* MissionView.swift */,
				5C62FF4C28A416AF00D1F055 /* AstroDetailView.swift */,
				5CDBD66C28A4214A0025FEFF /* Color-Theme.swift */,
				5C0B7D0428A1799E00C05AD8 /* Astronaut.swift */,
				5C0B7D0828A180FE00C05AD8 /* Mission.swift */,
				5C0B7D0628A17A2300C05AD8 /* Bundle-Decodable.swift */,
				5C0B7D0128A178BC00C05AD8 /* astronauts.json */,
				5C0B7D0028A178BC00C05AD8 /* missions.json */,
				5C0B7CF628A155FB00C05AD8 /* Assets.xcassets */,
				5C0B7CF828A155FB00C05AD8 /* Preview Content */,
			);
			path = Lumi;
			sourceTree = "<group>";
		};
		5C0B7CF828A155FB00C05AD8 /* Preview Content */ = {
			isa = PBXGroup;
			children = (
				5C0B7CF928A155FB00C05AD8 /* Preview Assets.xcassets */,
			);
			path = "Preview Content";
			sourceTree = "<group>";
		};
/* End PBXGroup section */

/* Begin PBXNativeTarget section */
		5C0B7CEE28A155F900C05AD8 /* Lumi */ = {
			isa = PBXNativeTarget;
			buildConfigurationList = 5C0B7CFD28A155FB00C05AD8 /* Build configuration list for PBXNativeTarget "Lumi" */;
			buildPhases = (
				5C0B7CEB28A155F900C05AD8 /* Sources */,
				5C0B7CEC28A155F900C05AD8 /* Frameworks */,
				5C0B7CED28A155F900C05AD8 /* Resources */,
			);
			buildRules = (
			);
			dependencies = (
			);
			name = Lumi;
			productName = Lumi;
			productReference = 5C0B7CEF28A155F900C05AD8 /* Lumi.app */;
			productType = "com.apple.product-type.application";
		};
/* End PBXNativeTarget section */

/* Begin PBXProject section */
		5C0B7CE728A155F900C05AD8 /* Project object */ = {
			isa = PBXProject;
			attributes = {
				BuildIndependentTargetsInParallel = 1;
				LastSwiftUpdateCheck = 1320;
				LastUpgradeCheck = 1320;
				TargetAttributes = {
					5C0B7CEE28A155F900C05AD8 = {
						CreatedOnToolsVersion = 13.2.1;
					};
				};
			};
			buildConfigurationList = 5C0B7CEA28A155F900C05AD8 /* Build configuration list for PBXProject "Lumi" */;
			compatibilityVersion = "Xcode 13.0";
			developmentRegion = en;
			hasScannedForEncodings = 0;
			knownRegions = (
				en,
				Base,
			);
			mainGroup = 5C0B7CE628A155F900C05AD8;
			productRefGroup = 5C0B7CF028A155F900C05AD8 /* Products */;
			projectDirPath = "";
			projectRoot = "";
			targets = (
				5C0B7CEE28A155F900C05AD8 /* Lumi */,
			);
		};
/* End PBXProject section */

/* Begin PBXResourcesBuildPhase section */
		5C0B7CED28A155F900C05AD8 /* Resources */ = {
			isa = PBXResourcesBuildPhase;
			buildActionMask = 2147483647;
			files = (
				5C0B7CFA28A155FB00C05AD8 /* Preview Assets.xcassets in Resources */,
				5C0B7D0228A178BC00C05AD8 /* missions.json in Resources */,
				5C0B7CF728A155FB00C05AD8 /* Assets.xcassets in Resources */,
				5C0B7D0328A178BC00C05AD8 /* astronauts.json in Resources */,
			);
			runOnlyForDeploymentPostprocessing = 0;
		};
/* End PBXResourcesBuildPhase section */

/* Begin PBXSourcesBuildPhase section */
		5C0B7CEB28A155F900C05AD8 /* Sources */ = {
			isa = PBXSourcesBuildPhase;
			buildActionMask = 2147483647;
			files = (
				5C62FF4928A3F1DE00D1F055 /* MissionView.swift in Sources */,
				5C0B7D0528A1799E00C05AD8 /* Astronaut.swift in Sources */,
				5C0B7CF528A155F900C05AD8 /* ContentView.swift in Sources */,
				5CDBD66D28A4214A0025FEFF /* Color-Theme.swift in Sources */,
				5C0B7CF328A155F900C05AD8 /* LumiApp.swift in Sources */,
				5C0B7D0928A180FF00C05AD8 /* Mission.swift in Sources */,
				5C0B7D0728A17A2300C05AD8 /* Bundle-Decodable.swift in Sources */,
				5C62FF4D28A416AF00D1F055 /* AstroDetailView.swift in Sources */,
			);
			runOnlyForDeploymentPostprocessing = 0;
		};
/* End PBXSourcesBuildPhase section */

/* Begin XCBuildConfiguration section */
		5C0B7CFB28A155FB00C05AD8 /* Debug */ = {
			isa = XCBuildConfiguration;
			buildSettings = {
				ALWAYS_SEARCH_USER_PATHS = NO;
				CLANG_ANALYZER_NONNULL = YES;
				CLANG_ANALYZER_NUMBER_OBJECT_CONVERSION = YES_AGGRESSIVE;
				CLANG_CXX_LANGUAGE_STANDARD = "gnu++17";
				CLANG_CXX_LIBRARY = "libc++";
				CLANG_ENABLE_MODULES = YES;
				CLANG_ENABLE_OBJC_ARC = YES;
				CLANG_ENABLE_OBJC_WEAK = YES;
				CLANG_WARN_BLOCK_CAPTURE_AUTORELEASING = YES;
				CLANG_WARN_BOOL_CONVERSION = YES;
				CLANG_WARN_COMMA = YES;
				CLANG_WARN_CONSTANT_CONVERSION = YES;
				CLANG_WARN_DEPRECATED_OBJC_IMPLEMENTATIONS = YES;
				CLANG_WARN_DIRECT_OBJC_ISA_USAGE = YES_ERROR;
				CLANG_WARN_DOCUMENTATION_COMMENTS = YES;
				CLANG_WARN_EMPTY_BODY = YES;
				CLANG_WARN_ENUM_CONVERSION = YES;
				CLANG_WARN_INFINITE_RECURSION = YES;
				CLANG_WARN_INT_CONVERSION = YES;
				CLANG_WARN_NON_LITERAL_NULL_CONVERSION = YES;
				CLANG_WARN_OBJC_IMPLICIT_RETAIN_SELF = YES;
				CLANG_WARN_OBJC_LITERAL_CONVERSION = YES;
				CLANG_WARN_OBJC_ROOT_CLASS = YES_ERROR;
				CLANG_WARN_QUOTED_INCLUDE_IN_FRAMEWORK_HEADER = YES;
				CLANG_WARN_RANGE_LOOP_ANALYSIS = YES;
				CLANG_WARN_STRICT_PROTOTYPES = YES;
				CLANG_WARN_SUSPICIOUS_MOVE = YES;
				CLANG_WARN_UNGUARDED_AVAILABILITY = YES_AGGRESSIVE;
				CLANG_WARN_UNREACHABLE_CODE = YES;
				CLANG_WARN__DUPLICATE_METHOD_MATCH = YES;
				COPY_PHASE_STRIP = NO;
				DEBUG_INFORMATION_FORMAT = dwarf;
				ENABLE_STRICT_OBJC_MSGSEND = YES;
				ENABLE_TESTABILITY = YES;
				GCC_C_LANGUAGE_STANDARD = gnu11;
				GCC_DYNAMIC_NO_PIC = NO;
				GCC_NO_COMMON_BLOCKS = YES;
				GCC_OPTIMIZATION_LEVEL = 0;
				GCC_PREPROCESSOR_DEFINITIONS = (
					"DEBUG=1",
					"$(inherited)",
				);
				GCC_WARN_64_TO_32_BIT_CONVERSION = YES;
				GCC_WARN_ABOUT_RETURN_TYPE = YES_ERROR;
				GCC_WARN_UNDECLARED_SELECTOR = YES;
				GCC_WARN_UNINITIALIZED_AUTOS = YES_AGGRESSIVE;
				GCC_WARN_UNUSED_FUNCTION = YES;
				GCC_WARN_UNUSED_VARIABLE = YES;
				IPHONEOS_DEPLOYMENT_TARGET = 15.2;
				MTL_ENABLE_DEBUG_INFO = INCLUDE_SOURCE;
				MTL_FAST_MATH = YES;
				ONLY_ACTIVE_ARCH = YES;
				SDKROOT = iphoneos;
				SWIFT_ACTIVE_COMPILATION_CONDITIONS = DEBUG;
				SWIFT_OPTIMIZATION_LEVEL = "-Onone";
			};
			name = Debug;
		};
		5C0B7CFC28A155FB00C05AD8 /* Release */ = {
			isa = XCBuildConfiguration;
			buildSettings = {
				ALWAYS_SEARCH_USER_PATHS = NO;
				CLANG_ANALYZER_NONNULL = YES;
				CLANG_ANALYZER_NUMBER_OBJECT_CONVERSION = YES_AGGRESSIVE;
				CLANG_CXX_LANGUAGE_STANDARD = "gnu++17";
				CLANG_CXX_LIBRARY = "libc++";
				CLANG_ENABLE_MODULES = YES;
				CLANG_ENABLE_OBJC_ARC = YES;
				CLANG_ENABLE_OBJC_WEAK = YES;
				CLANG_WARN_BLOCK_CAPTURE_AUTORELEASING = YES;
				CLANG_WARN_BOOL_CONVERSION = YES;
				CLANG_WARN_COMMA = YES;
				CLANG_WARN_CONSTANT_CONVERSION = YES;
				CLANG_WARN_DEPRECATED_OBJC_IMPLEMENTATIONS = YES;
				CLANG_WARN_DIRECT_OBJC_ISA_USAGE = YES_ERROR;
				CLANG_WARN_DOCUMENTATION_COMMENTS = YES;
				CLANG_WARN_EMPTY_BODY = YES;
				CLANG_WARN_ENUM_CONVERSION = YES;
				CLANG_WARN_INFINITE_RECURSION = YES;
				CLANG_WARN_INT_CONVERSION = YES;
				CLANG_WARN_NON_LITERAL_NULL_CONVERSION = YES;
				CLANG_WARN_OBJC_IMPLICIT_RETAIN_SELF = YES;
				CLANG_WARN_OBJC_LITERAL_CONVERSION = YES;
				CLANG_WARN_OBJC_ROOT_CLASS = YES_ERROR;
				CLANG_WARN_QUOTED_INCLUDE_IN_FRAMEWORK_HEADER = YES;
				CLANG_WARN_RANGE_LOOP_ANALYSIS = YES;
				CLANG_WARN_STRICT_PROTOTYPES = YES;
				CLANG_WARN_SUSPICIOUS_MOVE = YES;
				CLANG_WARN_UNGUARDED_AVAILABILITY = YES_AGGRESSIVE;
				CLANG_WARN_UNREACHABLE_CODE = YES;
				CLANG_WARN__DUPLICATE_METHOD_MATCH = YES;
				COPY_PHASE_STRIP = NO;
				DEBUG_INFORMATION_FORMAT = "dwarf-with-dsym";
				ENABLE_NS_ASSERTIONS = NO;
				ENABLE_STRICT_OBJC_MSGSEND = YES;
				GCC_C_LANGUAGE_STANDARD = gnu11;
				GCC_NO_COMMON_BLOCKS = YES;
				GCC_WARN_64_TO_32_BIT_CONVERSION = YES;
				GCC_WARN_ABOUT_RETURN_TYPE = YES_ERROR;
				GCC_WARN_UNDECLARED_SELECTOR = YES;
				GCC_WARN_UNINITIALIZED_AUTOS = YES_AGGRESSIVE;
				GCC_WARN_UNUSED_FUNCTION = YES;
				GCC_WARN_UNUSED_VARIABLE = YES;
				IPHONEOS_DEPLOYMENT_TARGET = 15.2;
				MTL_ENABLE_DEBUG_INFO = NO;
				MTL_FAST_MATH = YES;
				SDKROOT = iphoneos;
				SWIFT_COMPILATION_MODE = wholemodule;
				SWIFT_OPTIMIZATION_LEVEL = "-O";
				VALIDATE_PRODUCT = YES;
			};
			name = Release;
		};
		5C0B7CFE28A155FB00C05AD8 /* Debug */ = {
			isa = XCBuildConfiguration;
			buildSettings = {
				ASSETCATALOG_COMPILER_APPICON_NAME = AppIcon;
				ASSETCATALOG_COMPILER_GLOBAL_ACCENT_COLOR_NAME = AccentColor;
				CODE_SIGN_STYLE = Automatic;
				CURRENT_PROJECT_VERSION = 1;
				DEVELOPMENT_ASSET_PATHS = "\"Lumi/Preview Content\"";
				DEVELOPMENT_TEAM = 83KSXC5J44;
				ENABLE_PREVIEWS = YES;
				GENERATE_INFOPLIST_FILE = YES;
				INFOPLIST_FILE = Lumi/Info.plist;
				INFOPLIST_KEY_UIApplicationSceneManifest_Generation = YES;
				INFOPLIST_KEY_UIApplicationSupportsIndirectInputEvents = YES;
				INFOPLIST_KEY_UILaunchScreen_Generation = YES;
				INFOPLIST_KEY_UIRequiredDeviceCapabilities = "";
				INFOPLIST_KEY_UIRequiresFullScreen = NO;
				INFOPLIST_KEY_UISupportedInterfaceOrientations_iPhone = "UIInterfaceOrientationPortrait UIInterfaceOrientationLandscapeLeft";
				INFOPLIST_KEY_UIUserInterfaceStyle = Dark;
				LD_RUNPATH_SEARCH_PATHS = (
					"$(inherited)",
					"@executable_path/Frameworks",
				);
				MARKETING_VERSION = 1.0;
				PRODUCT_BUNDLE_IDENTIFIER = com.owais.shk.Lumi;
				PRODUCT_NAME = "$(TARGET_NAME)";
				SWIFT_EMIT_LOC_STRINGS = YES;
				SWIFT_VERSION = 5.0;
				TARGETED_DEVICE_FAMILY = 1;
			};
			name = Debug;
		};
		5C0B7CFF28A155FB00C05AD8 /* Release */ = {
			isa = XCBuildConfiguration;
			buildSettings = {
				ASSETCATALOG_COMPILER_APPICON_NAME = AppIcon;
				ASSETCATALOG_COMPILER_GLOBAL_ACCENT_COLOR_NAME = AccentColor;
				CODE_SIGN_STYLE = Automatic;
				CURRENT_PROJECT_VERSION = 1;
				DEVELOPMENT_ASSET_PATHS = "\"Lumi/Preview Content\"";
				DEVELOPMENT_TEAM = 83KSXC5J44;
				ENABLE_PREVIEWS = YES;
				GENERATE_INFOPLIST_FILE = YES;
				INFOPLIST_FILE = Lumi/Info.plist;
				INFOPLIST_KEY_UIApplicationSceneManifest_Generation = YES;
				INFOPLIST_KEY_UIApplicationSupportsIndirectInputEvents = YES;
				INFOPLIST_KEY_UILaunchScreen_Generation = YES;
				INFOPLIST_KEY_UIRequiredDeviceCapabilities = "";
				INFOPLIST_KEY_UIRequiresFullScreen = NO;
				INFOPLIST_KEY_UISupportedInterfaceOrientations_iPhone = "UIInterfaceOrientationPortrait UIInterfaceOrientationLandscapeLeft";
				INFOPLIST_KEY_UIUserInterfaceStyle = Dark;
				LD_RUNPATH_SEARCH_PATHS = (
					"$(inherited)",
					"@executable_path/Frameworks",
				);
				MARKETING_VERSION = 1.0;
				PRODUCT_BUNDLE_IDENTIFIER = com.owais.shk.Lumi;
				PRODUCT_NAME = "$(TARGET_NAME)";
				SWIFT_EMIT_LOC_STRINGS = YES;
				SWIFT_VERSION = 5.0;
				TARGETED_DEVICE_FAMILY = 1;
			};
			name = Release;
		};
/* End XCBuildConfiguration section */

/* Begin XCConfigurationList section */
		5C0B7CEA28A155F900C05AD8 /* Build configuration list for PBXProject "Lumi" */ = {
			isa = XCConfigurationList;
			buildConfigurations = (
				5C0B7CFB28A155FB00C05AD8 /* Debug */,
				5C0B7CFC28A155FB00C05AD8 /* Release */,
			);
			defaultConfigurationIsVisible = 0;
			defaultConfigurationName = Release;
		};
		5C0B7CFD28A155FB00C05AD8 /* Build configuration list for PBXNativeTarget "Lumi" */ = {
			isa = XCConfigurationList;
			buildConfigurations = (
				5C0B7CFE28A155FB00C05AD8 /* Debug */,
				5C0B7CFF28A155FB00C05AD8 /* Release */,
			);
			defaultConfigurationIsVisible = 0;
			defaultConfigurationName = Release;
		};
/* End XCConfigurationList section */
	};
	rootObject = 5C0B7CE728A155F900C05AD8 /* Project object */;
}
